// !$*UTF8*$!
{
	archiveVersion = 1;
	classes = {
	};
	objectVersion = 56;
	objects = {

/* Begin PBXBuildFile section */
		448C5FA92BD8B967002E02E2 /* LeclercApp.swift in Sources */ = {isa = PBXBuildFile; fileRef = 448C5FA82BD8B967002E02E2 /* LeclercApp.swift */; };
		448C5FAD2BD8B96A002E02E2 /* Assets.xcassets in Resources */ = {isa = PBXBuildFile; fileRef = 448C5FAC2BD8B96A002E02E2 /* Assets.xcassets */; };
		448C5FB02BD8B96A002E02E2 /* Preview Assets.xcassets in Resources */ = {isa = PBXBuildFile; fileRef = 448C5FAF2BD8B96A002E02E2 /* Preview Assets.xcassets */; };
		44DF281B2BD9C61D0044CBB9 /* Board.swift in Sources */ = {isa = PBXBuildFile; fileRef = 44DF280A2BD9C61D0044CBB9 /* Board.swift */; };
		44DF281C2BD9C61D0044CBB9 /* BoardElement.swift in Sources */ = {isa = PBXBuildFile; fileRef = 44DF280B2BD9C61D0044CBB9 /* BoardElement.swift */; };
		44DF281D2BD9C61D0044CBB9 /* ScreenPosition.swift in Sources */ = {isa = PBXBuildFile; fileRef = 44DF280C2BD9C61D0044CBB9 /* ScreenPosition.swift */; };
		44DF281E2BD9C61D0044CBB9 /* Renderable.swift in Sources */ = {isa = PBXBuildFile; fileRef = 44DF280D2BD9C61D0044CBB9 /* Renderable.swift */; };
		44DF281F2BD9C61D0044CBB9 /* Transform.swift in Sources */ = {isa = PBXBuildFile; fileRef = 44DF280E2BD9C61D0044CBB9 /* Transform.swift */; };
		44DF28202BD9C61D0044CBB9 /* BoardViewModel.swift in Sources */ = {isa = PBXBuildFile; fileRef = 44DF28102BD9C61D0044CBB9 /* BoardViewModel.swift */; };
		44DF28212BD9C61D0044CBB9 /* FeedBoardView.swift in Sources */ = {isa = PBXBuildFile; fileRef = 44DF28122BD9C61D0044CBB9 /* FeedBoardView.swift */; };
		44DF28222BD9C61D0044CBB9 /* ElementButton.swift in Sources */ = {isa = PBXBuildFile; fileRef = 44DF28132BD9C61D0044CBB9 /* ElementButton.swift */; };
		44DF28232BD9C61D0044CBB9 /* ImageView.swift in Sources */ = {isa = PBXBuildFile; fileRef = 44DF28142BD9C61D0044CBB9 /* ImageView.swift */; };
		44DF28242BD9C61D0044CBB9 /* StickerView.swift in Sources */ = {isa = PBXBuildFile; fileRef = 44DF28152BD9C61D0044CBB9 /* StickerView.swift */; };
		44DF28252BD9C61D0044CBB9 /* TextView.swift in Sources */ = {isa = PBXBuildFile; fileRef = 44DF28162BD9C61D0044CBB9 /* TextView.swift */; };
		44DF28262BD9C61D0044CBB9 /* Caveat-SemiBold.ttf in Resources */ = {isa = PBXBuildFile; fileRef = 44DF28192BD9C61D0044CBB9 /* Caveat-SemiBold.ttf */; };
		5044FBDC2BD98E2E0070CEBD /* OnboardingView.swift in Sources */ = {isa = PBXBuildFile; fileRef = 5044FBDB2BD98E2E0070CEBD /* OnboardingView.swift */; };
		50BC9C4B2BD933FE00C54C1E /* ProfileView.swift in Sources */ = {isa = PBXBuildFile; fileRef = 50BC9C4A2BD933FE00C54C1E /* ProfileView.swift */; };
		50BC9C4F2BD9393300C54C1E /* MapView.swift in Sources */ = {isa = PBXBuildFile; fileRef = 50BC9C4E2BD9393300C54C1E /* MapView.swift */; };
		50BC9C512BD9395100C54C1E /* BoardView.swift in Sources */ = {isa = PBXBuildFile; fileRef = 50BC9C502BD9395100C54C1E /* BoardView.swift */; };
		50BC9C532BD939A300C54C1E /* BadgesView.swift in Sources */ = {isa = PBXBuildFile; fileRef = 50BC9C522BD939A300C54C1E /* BadgesView.swift */; };
		50BC9C552BD939C200C54C1E /* MissionView.swift in Sources */ = {isa = PBXBuildFile; fileRef = 50BC9C542BD939C200C54C1E /* MissionView.swift */; };
		50BC9C572BD939FD00C54C1E /* EventsView.swift in Sources */ = {isa = PBXBuildFile; fileRef = 50BC9C562BD939FD00C54C1E /* EventsView.swift */; };
		83A9EDD42BD92A3D00154034 /* Contents.json in Resources */ = {isa = PBXBuildFile; fileRef = 83A9EDD32BD92A3D00154034 /* Contents.json */; };
		83A9EDDA2BD92AA100154034 /* ContentView.swift in Sources */ = {isa = PBXBuildFile; fileRef = 83A9EDD92BD92AA100154034 /* ContentView.swift */; };
		83ACBC8F2BD9B610004CCAA0 /* Element.swift in Sources */ = {isa = PBXBuildFile; fileRef = 83ACBC8B2BD9B60F004CCAA0 /* Element.swift */; };
		83ACBC902BD9B610004CCAA0 /* Activity.swift in Sources */ = {isa = PBXBuildFile; fileRef = 83ACBC8C2BD9B610004CCAA0 /* Activity.swift */; };
		83ACBC912BD9B610004CCAA0 /* FirestoreManager.swift in Sources */ = {isa = PBXBuildFile; fileRef = 83ACBC8D2BD9B610004CCAA0 /* FirestoreManager.swift */; };
		83ACBC922BD9B610004CCAA0 /* Feed.swift in Sources */ = {isa = PBXBuildFile; fileRef = 83ACBC8E2BD9B610004CCAA0 /* Feed.swift */; };
		83ACBC942BD9B621004CCAA0 /* User.swift in Sources */ = {isa = PBXBuildFile; fileRef = 83ACBC932BD9B621004CCAA0 /* User.swift */; };
		83ACBC972BD9B652004CCAA0 /* FirebaseAuth in Frameworks */ = {isa = PBXBuildFile; productRef = 83ACBC962BD9B652004CCAA0 /* FirebaseAuth */; };
		83ACBC992BD9B652004CCAA0 /* FirebaseDatabase in Frameworks */ = {isa = PBXBuildFile; productRef = 83ACBC982BD9B652004CCAA0 /* FirebaseDatabase */; };
		83ACBC9B2BD9B652004CCAA0 /* FirebaseFirestore in Frameworks */ = {isa = PBXBuildFile; productRef = 83ACBC9A2BD9B652004CCAA0 /* FirebaseFirestore */; };
		83ACBC9D2BD9B652004CCAA0 /* FirebaseFirestoreCombine-Community in Frameworks */ = {isa = PBXBuildFile; productRef = 83ACBC9C2BD9B652004CCAA0 /* FirebaseFirestoreCombine-Community */; };
		83ACBC9F2BD9B652004CCAA0 /* FirebaseFirestoreSwift in Frameworks */ = {isa = PBXBuildFile; productRef = 83ACBC9E2BD9B652004CCAA0 /* FirebaseFirestoreSwift */; };
		83ACBCA12BD9B652004CCAA0 /* FirebaseStorage in Frameworks */ = {isa = PBXBuildFile; productRef = 83ACBCA02BD9B652004CCAA0 /* FirebaseStorage */; };
		83ACBCA32BD9B652004CCAA0 /* FirebaseStorageCombine-Community in Frameworks */ = {isa = PBXBuildFile; productRef = 83ACBCA22BD9B652004CCAA0 /* FirebaseStorageCombine-Community */; };
		83ACBCA52BD9B6F5004CCAA0 /* GoogleService-Info.plist in Resources */ = {isa = PBXBuildFile; fileRef = 83ACBCA42BD9B6F5004CCAA0 /* GoogleService-Info.plist */; };
		83E0EA4C2BD9B9C400231E49 /* CircularMapView.swift in Sources */ = {isa = PBXBuildFile; fileRef = 83E0EA4B2BD9B9C400231E49 /* CircularMapView.swift */; };
		83E0EA562BD9CAE300231E49 /* LeclercTests.swift in Sources */ = {isa = PBXBuildFile; fileRef = 83E0EA552BD9CAE300231E49 /* LeclercTests.swift */; };
/* End PBXBuildFile section */

/* Begin PBXContainerItemProxy section */
		83E0EA572BD9CAE300231E49 /* PBXContainerItemProxy */ = {
			isa = PBXContainerItemProxy;
			containerPortal = 448C5F9D2BD8B967002E02E2 /* Project object */;
			proxyType = 1;
			remoteGlobalIDString = 448C5FA42BD8B967002E02E2;
			remoteInfo = Leclerc;
		};
/* End PBXContainerItemProxy section */

/* Begin PBXFileReference section */
		448C5FA52BD8B967002E02E2 /* Leclerc.app */ = {isa = PBXFileReference; explicitFileType = wrapper.application; includeInIndex = 0; path = Leclerc.app; sourceTree = BUILT_PRODUCTS_DIR; };
		448C5FA82BD8B967002E02E2 /* LeclercApp.swift */ = {isa = PBXFileReference; lastKnownFileType = sourcecode.swift; path = LeclercApp.swift; sourceTree = "<group>"; };
		448C5FAC2BD8B96A002E02E2 /* Assets.xcassets */ = {isa = PBXFileReference; lastKnownFileType = folder.assetcatalog; path = Assets.xcassets; sourceTree = "<group>"; };
		448C5FAF2BD8B96A002E02E2 /* Preview Assets.xcassets */ = {isa = PBXFileReference; lastKnownFileType = folder.assetcatalog; path = "Preview Assets.xcassets"; sourceTree = "<group>"; };
		44DF280A2BD9C61D0044CBB9 /* Board.swift */ = {isa = PBXFileReference; fileEncoding = 4; lastKnownFileType = sourcecode.swift; path = Board.swift; sourceTree = "<group>"; };
		44DF280B2BD9C61D0044CBB9 /* BoardElement.swift */ = {isa = PBXFileReference; fileEncoding = 4; lastKnownFileType = sourcecode.swift; path = BoardElement.swift; sourceTree = "<group>"; };
		44DF280C2BD9C61D0044CBB9 /* ScreenPosition.swift */ = {isa = PBXFileReference; fileEncoding = 4; lastKnownFileType = sourcecode.swift; path = ScreenPosition.swift; sourceTree = "<group>"; };
		44DF280D2BD9C61D0044CBB9 /* Renderable.swift */ = {isa = PBXFileReference; fileEncoding = 4; lastKnownFileType = sourcecode.swift; path = Renderable.swift; sourceTree = "<group>"; };
		44DF280E2BD9C61D0044CBB9 /* Transform.swift */ = {isa = PBXFileReference; fileEncoding = 4; lastKnownFileType = sourcecode.swift; path = Transform.swift; sourceTree = "<group>"; };
		44DF28102BD9C61D0044CBB9 /* BoardViewModel.swift */ = {isa = PBXFileReference; fileEncoding = 4; lastKnownFileType = sourcecode.swift; path = BoardViewModel.swift; sourceTree = "<group>"; };
		44DF28122BD9C61D0044CBB9 /* FeedBoardView.swift */ = {isa = PBXFileReference; fileEncoding = 4; lastKnownFileType = sourcecode.swift; path = FeedBoardView.swift; sourceTree = "<group>"; };
		44DF28132BD9C61D0044CBB9 /* ElementButton.swift */ = {isa = PBXFileReference; fileEncoding = 4; lastKnownFileType = sourcecode.swift; path = ElementButton.swift; sourceTree = "<group>"; };
		44DF28142BD9C61D0044CBB9 /* ImageView.swift */ = {isa = PBXFileReference; fileEncoding = 4; lastKnownFileType = sourcecode.swift; path = ImageView.swift; sourceTree = "<group>"; };
		44DF28152BD9C61D0044CBB9 /* StickerView.swift */ = {isa = PBXFileReference; fileEncoding = 4; lastKnownFileType = sourcecode.swift; path = StickerView.swift; sourceTree = "<group>"; };
		44DF28162BD9C61D0044CBB9 /* TextView.swift */ = {isa = PBXFileReference; fileEncoding = 4; lastKnownFileType = sourcecode.swift; path = TextView.swift; sourceTree = "<group>"; };
		44DF28192BD9C61D0044CBB9 /* Caveat-SemiBold.ttf */ = {isa = PBXFileReference; lastKnownFileType = file; path = "Caveat-SemiBold.ttf"; sourceTree = "<group>"; };
		5044FBDB2BD98E2E0070CEBD /* OnboardingView.swift */ = {isa = PBXFileReference; lastKnownFileType = sourcecode.swift; path = OnboardingView.swift; sourceTree = "<group>"; };
		50BC9C4A2BD933FE00C54C1E /* ProfileView.swift */ = {isa = PBXFileReference; lastKnownFileType = sourcecode.swift; path = ProfileView.swift; sourceTree = "<group>"; };
		50BC9C4E2BD9393300C54C1E /* MapView.swift */ = {isa = PBXFileReference; lastKnownFileType = sourcecode.swift; path = MapView.swift; sourceTree = "<group>"; };
		50BC9C502BD9395100C54C1E /* BoardView.swift */ = {isa = PBXFileReference; lastKnownFileType = sourcecode.swift; path = BoardView.swift; sourceTree = "<group>"; };
		50BC9C522BD939A300C54C1E /* BadgesView.swift */ = {isa = PBXFileReference; lastKnownFileType = sourcecode.swift; path = BadgesView.swift; sourceTree = "<group>"; };
		50BC9C542BD939C200C54C1E /* MissionView.swift */ = {isa = PBXFileReference; lastKnownFileType = sourcecode.swift; path = MissionView.swift; sourceTree = "<group>"; };
		50BC9C562BD939FD00C54C1E /* EventsView.swift */ = {isa = PBXFileReference; lastKnownFileType = sourcecode.swift; path = EventsView.swift; sourceTree = "<group>"; };
		83A9EDD32BD92A3D00154034 /* Contents.json */ = {isa = PBXFileReference; fileEncoding = 4; lastKnownFileType = text.json; name = Contents.json; path = "Preview Assets.xcassets/Contents.json"; sourceTree = "<group>"; };
		83A9EDD92BD92AA100154034 /* ContentView.swift */ = {isa = PBXFileReference; lastKnownFileType = sourcecode.swift; path = ContentView.swift; sourceTree = "<group>"; };
		83ACBC8B2BD9B60F004CCAA0 /* Element.swift */ = {isa = PBXFileReference; fileEncoding = 4; lastKnownFileType = sourcecode.swift; name = Element.swift; path = Leclerc/Element.swift; sourceTree = SOURCE_ROOT; };
		83ACBC8C2BD9B610004CCAA0 /* Activity.swift */ = {isa = PBXFileReference; fileEncoding = 4; lastKnownFileType = sourcecode.swift; name = Activity.swift; path = Leclerc/Activity.swift; sourceTree = SOURCE_ROOT; };
		83ACBC8D2BD9B610004CCAA0 /* FirestoreManager.swift */ = {isa = PBXFileReference; fileEncoding = 4; lastKnownFileType = sourcecode.swift; name = FirestoreManager.swift; path = Leclerc/FirestoreManager.swift; sourceTree = SOURCE_ROOT; };
		83ACBC8E2BD9B610004CCAA0 /* Feed.swift */ = {isa = PBXFileReference; fileEncoding = 4; lastKnownFileType = sourcecode.swift; name = Feed.swift; path = Leclerc/Feed.swift; sourceTree = SOURCE_ROOT; };
		83ACBC932BD9B621004CCAA0 /* User.swift */ = {isa = PBXFileReference; fileEncoding = 4; lastKnownFileType = sourcecode.swift; name = User.swift; path = Leclerc/User.swift; sourceTree = SOURCE_ROOT; };
		83ACBCA42BD9B6F5004CCAA0 /* GoogleService-Info.plist */ = {isa = PBXFileReference; fileEncoding = 4; lastKnownFileType = text.plist.xml; name = "GoogleService-Info.plist"; path = "Leclerc/GoogleService-Info.plist"; sourceTree = SOURCE_ROOT; };
		83ACBCA62BD9B706004CCAA0 /* Info.plist */ = {isa = PBXFileReference; lastKnownFileType = text.plist.xml; name = Info.plist; path = Leclerc/Info.plist; sourceTree = SOURCE_ROOT; };
		83E0EA4B2BD9B9C400231E49 /* CircularMapView.swift */ = {isa = PBXFileReference; lastKnownFileType = sourcecode.swift; path = CircularMapView.swift; sourceTree = "<group>"; };
		83E0EA532BD9CAE300231E49 /* LeclercTests.xctest */ = {isa = PBXFileReference; explicitFileType = wrapper.cfbundle; includeInIndex = 0; path = LeclercTests.xctest; sourceTree = BUILT_PRODUCTS_DIR; };
		83E0EA552BD9CAE300231E49 /* LeclercTests.swift */ = {isa = PBXFileReference; lastKnownFileType = sourcecode.swift; path = LeclercTests.swift; sourceTree = "<group>"; };
/* End PBXFileReference section */

/* Begin PBXFrameworksBuildPhase section */
		448C5FA22BD8B967002E02E2 /* Frameworks */ = {
			isa = PBXFrameworksBuildPhase;
			buildActionMask = 2147483647;
			files = (
				83ACBC9F2BD9B652004CCAA0 /* FirebaseFirestoreSwift in Frameworks */,
				83ACBCA32BD9B652004CCAA0 /* FirebaseStorageCombine-Community in Frameworks */,
				83ACBC992BD9B652004CCAA0 /* FirebaseDatabase in Frameworks */,
				83ACBC9D2BD9B652004CCAA0 /* FirebaseFirestoreCombine-Community in Frameworks */,
				83ACBC972BD9B652004CCAA0 /* FirebaseAuth in Frameworks */,
				83ACBC9B2BD9B652004CCAA0 /* FirebaseFirestore in Frameworks */,
				83ACBCA12BD9B652004CCAA0 /* FirebaseStorage in Frameworks */,
			);
			runOnlyForDeploymentPostprocessing = 0;
		};
		83E0EA502BD9CAE300231E49 /* Frameworks */ = {
			isa = PBXFrameworksBuildPhase;
			buildActionMask = 2147483647;
			files = (
			);
			runOnlyForDeploymentPostprocessing = 0;
		};
/* End PBXFrameworksBuildPhase section */

/* Begin PBXGroup section */
		448C5F9C2BD8B967002E02E2 = {
			isa = PBXGroup;
			children = (
				448C5FA72BD8B967002E02E2 /* Leclerc */,
				83E0EA542BD9CAE300231E49 /* LeclercTests */,
				448C5FA62BD8B967002E02E2 /* Products */,
			);
			sourceTree = "<group>";
		};
		448C5FA62BD8B967002E02E2 /* Products */ = {
			isa = PBXGroup;
			children = (
				448C5FA52BD8B967002E02E2 /* Leclerc.app */,
				83E0EA532BD9CAE300231E49 /* LeclercTests.xctest */,
			);
			name = Products;
			sourceTree = "<group>";
		};
		448C5FA72BD8B967002E02E2 /* Leclerc */ = {
			isa = PBXGroup;
			children = (
				44DF28182BD9C61D0044CBB9 /* Board */,
				44DF281A2BD9C61D0044CBB9 /* Fonts */,
				50BC9C4C2BD935F600C54C1E /* View */,
				83A9EDD92BD92AA100154034 /* ContentView.swift */,
				448C5FA82BD8B967002E02E2 /* LeclercApp.swift */,
				448C5FAC2BD8B96A002E02E2 /* Assets.xcassets */,
				448C5FAE2BD8B96A002E02E2 /* Preview Content */,
				83E0EA4B2BD9B9C400231E49 /* CircularMapView.swift */,
			);
			path = Leclerc;
			sourceTree = "<group>";
		};
		448C5FAE2BD8B96A002E02E2 /* Preview Content */ = {
			isa = PBXGroup;
			children = (
				83A9EDD32BD92A3D00154034 /* Contents.json */,
				448C5FAF2BD8B96A002E02E2 /* Preview Assets.xcassets */,
			);
			path = "Preview Content";
			sourceTree = "<group>";
		};
		44DF280F2BD9C61D0044CBB9 /* Model */ = {
			isa = PBXGroup;
			children = (
				44DF280A2BD9C61D0044CBB9 /* Board.swift */,
				44DF280B2BD9C61D0044CBB9 /* BoardElement.swift */,
				44DF280C2BD9C61D0044CBB9 /* ScreenPosition.swift */,
				44DF280D2BD9C61D0044CBB9 /* Renderable.swift */,
				44DF280E2BD9C61D0044CBB9 /* Transform.swift */,
			);
			path = Model;
			sourceTree = "<group>";
		};
		44DF28112BD9C61D0044CBB9 /* VIew Model */ = {
			isa = PBXGroup;
			children = (
				44DF28102BD9C61D0044CBB9 /* BoardViewModel.swift */,
			);
			path = "VIew Model";
			sourceTree = "<group>";
		};
		44DF28172BD9C61D0044CBB9 /* Views */ = {
			isa = PBXGroup;
			children = (
				44DF28122BD9C61D0044CBB9 /* FeedBoardView.swift */,
				44DF28132BD9C61D0044CBB9 /* ElementButton.swift */,
				44DF28142BD9C61D0044CBB9 /* ImageView.swift */,
				44DF28152BD9C61D0044CBB9 /* StickerView.swift */,
				44DF28162BD9C61D0044CBB9 /* TextView.swift */,
			);
			path = Views;
			sourceTree = "<group>";
		};
		44DF28182BD9C61D0044CBB9 /* Board */ = {
			isa = PBXGroup;
			children = (
				44DF280F2BD9C61D0044CBB9 /* Model */,
				44DF28112BD9C61D0044CBB9 /* VIew Model */,
				44DF28172BD9C61D0044CBB9 /* Views */,
			);
			path = Board;
			sourceTree = "<group>";
		};
		44DF281A2BD9C61D0044CBB9 /* Fonts */ = {
			isa = PBXGroup;
			children = (
				44DF28192BD9C61D0044CBB9 /* Caveat-SemiBold.ttf */,
			);
			path = Fonts;
			sourceTree = "<group>";
		};
		50BC9C4C2BD935F600C54C1E /* View */ = {
			isa = PBXGroup;
			children = (
				50BC9C4D2BD9364A00C54C1E /* ProfileViews */,
				50BC9C4A2BD933FE00C54C1E /* ProfileView.swift */,
				83ACBCA42BD9B6F5004CCAA0 /* GoogleService-Info.plist */,
				83ACBC8C2BD9B610004CCAA0 /* Activity.swift */,
				83ACBCA62BD9B706004CCAA0 /* Info.plist */,
				83ACBC8B2BD9B60F004CCAA0 /* Element.swift */,
				83ACBC932BD9B621004CCAA0 /* User.swift */,
				83ACBC8E2BD9B610004CCAA0 /* Feed.swift */,
				83ACBC8D2BD9B610004CCAA0 /* FirestoreManager.swift */,
				50BC9C502BD9395100C54C1E /* BoardView.swift */,
				50BC9C4E2BD9393300C54C1E /* MapView.swift */,
				5044FBDB2BD98E2E0070CEBD /* OnboardingView.swift */,
			);
			path = View;
			sourceTree = "<group>";
		};
		50BC9C4D2BD9364A00C54C1E /* ProfileViews */ = {
			isa = PBXGroup;
			children = (
				50BC9C522BD939A300C54C1E /* BadgesView.swift */,
				50BC9C542BD939C200C54C1E /* MissionView.swift */,
				50BC9C562BD939FD00C54C1E /* EventsView.swift */,
			);
			path = ProfileViews;
			sourceTree = "<group>";
		};
		83E0EA542BD9CAE300231E49 /* LeclercTests */ = {
			isa = PBXGroup;
			children = (
				83E0EA552BD9CAE300231E49 /* LeclercTests.swift */,
			);
			path = LeclercTests;
			sourceTree = "<group>";
		};
/* End PBXGroup section */

/* Begin PBXNativeTarget section */
		448C5FA42BD8B967002E02E2 /* Leclerc */ = {
			isa = PBXNativeTarget;
			buildConfigurationList = 448C5FB32BD8B96A002E02E2 /* Build configuration list for PBXNativeTarget "Leclerc" */;
			buildPhases = (
				448C5FA12BD8B967002E02E2 /* Sources */,
				448C5FA22BD8B967002E02E2 /* Frameworks */,
				448C5FA32BD8B967002E02E2 /* Resources */,
			);
			buildRules = (
			);
			dependencies = (
			);
			name = Leclerc;
			packageProductDependencies = (
				83ACBC962BD9B652004CCAA0 /* FirebaseAuth */,
				83ACBC982BD9B652004CCAA0 /* FirebaseDatabase */,
				83ACBC9A2BD9B652004CCAA0 /* FirebaseFirestore */,
				83ACBC9C2BD9B652004CCAA0 /* FirebaseFirestoreCombine-Community */,
				83ACBC9E2BD9B652004CCAA0 /* FirebaseFirestoreSwift */,
				83ACBCA02BD9B652004CCAA0 /* FirebaseStorage */,
				83ACBCA22BD9B652004CCAA0 /* FirebaseStorageCombine-Community */,
			);
			productName = Leclerc;
			productReference = 448C5FA52BD8B967002E02E2 /* Leclerc.app */;
			productType = "com.apple.product-type.application";
		};
		83E0EA522BD9CAE300231E49 /* LeclercTests */ = {
			isa = PBXNativeTarget;
			buildConfigurationList = 83E0EA592BD9CAE300231E49 /* Build configuration list for PBXNativeTarget "LeclercTests" */;
			buildPhases = (
				83E0EA4F2BD9CAE300231E49 /* Sources */,
				83E0EA502BD9CAE300231E49 /* Frameworks */,
				83E0EA512BD9CAE300231E49 /* Resources */,
			);
			buildRules = (
			);
			dependencies = (
				83E0EA582BD9CAE300231E49 /* PBXTargetDependency */,
			);
			name = LeclercTests;
			productName = LeclercTests;
			productReference = 83E0EA532BD9CAE300231E49 /* LeclercTests.xctest */;
			productType = "com.apple.product-type.bundle.unit-test";
		};
/* End PBXNativeTarget section */

/* Begin PBXProject section */
		448C5F9D2BD8B967002E02E2 /* Project object */ = {
			isa = PBXProject;
			attributes = {
				BuildIndependentTargetsInParallel = 1;
				LastSwiftUpdateCheck = 1530;
				LastUpgradeCheck = 1530;
				TargetAttributes = {
					448C5FA42BD8B967002E02E2 = {
						CreatedOnToolsVersion = 15.3;
					};
					83E0EA522BD9CAE300231E49 = {
						CreatedOnToolsVersion = 15.3;
						TestTargetID = 448C5FA42BD8B967002E02E2;
					};
				};
			};
			buildConfigurationList = 448C5FA02BD8B967002E02E2 /* Build configuration list for PBXProject "Leclerc" */;
			compatibilityVersion = "Xcode 14.0";
			developmentRegion = en;
			hasScannedForEncodings = 0;
			knownRegions = (
				en,
				Base,
			);
			mainGroup = 448C5F9C2BD8B967002E02E2;
			packageReferences = (
				83ACBC952BD9B652004CCAA0 /* XCRemoteSwiftPackageReference "firebase-ios-sdk" */,
			);
			productRefGroup = 448C5FA62BD8B967002E02E2 /* Products */;
			projectDirPath = "";
			projectRoot = "";
			targets = (
				448C5FA42BD8B967002E02E2 /* Leclerc */,
				83E0EA522BD9CAE300231E49 /* LeclercTests */,
			);
		};
/* End PBXProject section */

/* Begin PBXResourcesBuildPhase section */
		448C5FA32BD8B967002E02E2 /* Resources */ = {
			isa = PBXResourcesBuildPhase;
			buildActionMask = 2147483647;
			files = (
				448C5FB02BD8B96A002E02E2 /* Preview Assets.xcassets in Resources */,
				83ACBCA52BD9B6F5004CCAA0 /* GoogleService-Info.plist in Resources */,
				448C5FAD2BD8B96A002E02E2 /* Assets.xcassets in Resources */,
				83A9EDD42BD92A3D00154034 /* Contents.json in Resources */,
				44DF28262BD9C61D0044CBB9 /* Caveat-SemiBold.ttf in Resources */,
			);
			runOnlyForDeploymentPostprocessing = 0;
		};
		83E0EA512BD9CAE300231E49 /* Resources */ = {
			isa = PBXResourcesBuildPhase;
			buildActionMask = 2147483647;
			files = (
			);
			runOnlyForDeploymentPostprocessing = 0;
		};
/* End PBXResourcesBuildPhase section */

/* Begin PBXSourcesBuildPhase section */
		448C5FA12BD8B967002E02E2 /* Sources */ = {
			isa = PBXSourcesBuildPhase;
			buildActionMask = 2147483647;
			files = (
				44DF28232BD9C61D0044CBB9 /* ImageView.swift in Sources */,
				83E0EA4C2BD9B9C400231E49 /* CircularMapView.swift in Sources */,
				44DF28222BD9C61D0044CBB9 /* ElementButton.swift in Sources */,
				44DF28252BD9C61D0044CBB9 /* TextView.swift in Sources */,
				50BC9C552BD939C200C54C1E /* MissionView.swift in Sources */,
				44DF281F2BD9C61D0044CBB9 /* Transform.swift in Sources */,
				83ACBC922BD9B610004CCAA0 /* Feed.swift in Sources */,
				44DF28242BD9C61D0044CBB9 /* StickerView.swift in Sources */,
				83A9EDDA2BD92AA100154034 /* ContentView.swift in Sources */,
				44DF281E2BD9C61D0044CBB9 /* Renderable.swift in Sources */,
				50BC9C4F2BD9393300C54C1E /* MapView.swift in Sources */,
				5044FBDC2BD98E2E0070CEBD /* OnboardingView.swift in Sources */,
				83ACBC8F2BD9B610004CCAA0 /* Element.swift in Sources */,
				83ACBC942BD9B621004CCAA0 /* User.swift in Sources */,
				44DF281D2BD9C61D0044CBB9 /* ScreenPosition.swift in Sources */,
				44DF28212BD9C61D0044CBB9 /* FeedBoardView.swift in Sources */,
				50BC9C572BD939FD00C54C1E /* EventsView.swift in Sources */,
				50BC9C512BD9395100C54C1E /* BoardView.swift in Sources */,
				83ACBC912BD9B610004CCAA0 /* FirestoreManager.swift in Sources */,
				44DF281C2BD9C61D0044CBB9 /* BoardElement.swift in Sources */,
				50BC9C4B2BD933FE00C54C1E /* ProfileView.swift in Sources */,
				50BC9C532BD939A300C54C1E /* BadgesView.swift in Sources */,
				83ACBC902BD9B610004CCAA0 /* Activity.swift in Sources */,
				44DF281B2BD9C61D0044CBB9 /* Board.swift in Sources */,
				448C5FA92BD8B967002E02E2 /* LeclercApp.swift in Sources */,
				44DF28202BD9C61D0044CBB9 /* BoardViewModel.swift in Sources */,
			);
			runOnlyForDeploymentPostprocessing = 0;
		};
		83E0EA4F2BD9CAE300231E49 /* Sources */ = {
			isa = PBXSourcesBuildPhase;
			buildActionMask = 2147483647;
			files = (
				83E0EA562BD9CAE300231E49 /* LeclercTests.swift in Sources */,
			);
			runOnlyForDeploymentPostprocessing = 0;
		};
/* End PBXSourcesBuildPhase section */

/* Begin PBXTargetDependency section */
		83E0EA582BD9CAE300231E49 /* PBXTargetDependency */ = {
			isa = PBXTargetDependency;
			target = 448C5FA42BD8B967002E02E2 /* Leclerc */;
			targetProxy = 83E0EA572BD9CAE300231E49 /* PBXContainerItemProxy */;
		};
/* End PBXTargetDependency section */

/* Begin XCBuildConfiguration section */
		448C5FB12BD8B96A002E02E2 /* Debug */ = {
			isa = XCBuildConfiguration;
			buildSettings = {
				ALWAYS_SEARCH_USER_PATHS = NO;
				ASSETCATALOG_COMPILER_GENERATE_SWIFT_ASSET_SYMBOL_EXTENSIONS = YES;
				CLANG_ANALYZER_NONNULL = YES;
				CLANG_ANALYZER_NUMBER_OBJECT_CONVERSION = YES_AGGRESSIVE;
				CLANG_CXX_LANGUAGE_STANDARD = "gnu++20";
				CLANG_ENABLE_MODULES = YES;
				CLANG_ENABLE_OBJC_ARC = YES;
				CLANG_ENABLE_OBJC_WEAK = YES;
				CLANG_WARN_BLOCK_CAPTURE_AUTORELEASING = YES;
				CLANG_WARN_BOOL_CONVERSION = YES;
				CLANG_WARN_COMMA = YES;
				CLANG_WARN_CONSTANT_CONVERSION = YES;
				CLANG_WARN_DEPRECATED_OBJC_IMPLEMENTATIONS = YES;
				CLANG_WARN_DIRECT_OBJC_ISA_USAGE = YES_ERROR;
				CLANG_WARN_DOCUMENTATION_COMMENTS = YES;
				CLANG_WARN_EMPTY_BODY = YES;
				CLANG_WARN_ENUM_CONVERSION = YES;
				CLANG_WARN_INFINITE_RECURSION = YES;
				CLANG_WARN_INT_CONVERSION = YES;
				CLANG_WARN_NON_LITERAL_NULL_CONVERSION = YES;
				CLANG_WARN_OBJC_IMPLICIT_RETAIN_SELF = YES;
				CLANG_WARN_OBJC_LITERAL_CONVERSION = YES;
				CLANG_WARN_OBJC_ROOT_CLASS = YES_ERROR;
				CLANG_WARN_QUOTED_INCLUDE_IN_FRAMEWORK_HEADER = YES;
				CLANG_WARN_RANGE_LOOP_ANALYSIS = YES;
				CLANG_WARN_STRICT_PROTOTYPES = YES;
				CLANG_WARN_SUSPICIOUS_MOVE = YES;
				CLANG_WARN_UNGUARDED_AVAILABILITY = YES_AGGRESSIVE;
				CLANG_WARN_UNREACHABLE_CODE = YES;
				CLANG_WARN__DUPLICATE_METHOD_MATCH = YES;
				COPY_PHASE_STRIP = NO;
				DEBUG_INFORMATION_FORMAT = dwarf;
				ENABLE_STRICT_OBJC_MSGSEND = YES;
				ENABLE_TESTABILITY = YES;
				ENABLE_USER_SCRIPT_SANDBOXING = YES;
				GCC_C_LANGUAGE_STANDARD = gnu17;
				GCC_DYNAMIC_NO_PIC = NO;
				GCC_NO_COMMON_BLOCKS = YES;
				GCC_OPTIMIZATION_LEVEL = 0;
				GCC_PREPROCESSOR_DEFINITIONS = (
					"DEBUG=1",
					"$(inherited)",
				);
				GCC_WARN_64_TO_32_BIT_CONVERSION = YES;
				GCC_WARN_ABOUT_RETURN_TYPE = YES_ERROR;
				GCC_WARN_UNDECLARED_SELECTOR = YES;
				GCC_WARN_UNINITIALIZED_AUTOS = YES_AGGRESSIVE;
				GCC_WARN_UNUSED_FUNCTION = YES;
				GCC_WARN_UNUSED_VARIABLE = YES;
				IPHONEOS_DEPLOYMENT_TARGET = 17.4;
				LOCALIZATION_PREFERS_STRING_CATALOGS = YES;
				MTL_ENABLE_DEBUG_INFO = INCLUDE_SOURCE;
				MTL_FAST_MATH = YES;
				ONLY_ACTIVE_ARCH = YES;
				SDKROOT = iphoneos;
				SWIFT_ACTIVE_COMPILATION_CONDITIONS = "DEBUG $(inherited)";
				SWIFT_OPTIMIZATION_LEVEL = "-Onone";
			};
			name = Debug;
		};
		448C5FB22BD8B96A002E02E2 /* Release */ = {
			isa = XCBuildConfiguration;
			buildSettings = {
				ALWAYS_SEARCH_USER_PATHS = NO;
				ASSETCATALOG_COMPILER_GENERATE_SWIFT_ASSET_SYMBOL_EXTENSIONS = YES;
				CLANG_ANALYZER_NONNULL = YES;
				CLANG_ANALYZER_NUMBER_OBJECT_CONVERSION = YES_AGGRESSIVE;
				CLANG_CXX_LANGUAGE_STANDARD = "gnu++20";
				CLANG_ENABLE_MODULES = YES;
				CLANG_ENABLE_OBJC_ARC = YES;
				CLANG_ENABLE_OBJC_WEAK = YES;
				CLANG_WARN_BLOCK_CAPTURE_AUTORELEASING = YES;
				CLANG_WARN_BOOL_CONVERSION = YES;
				CLANG_WARN_COMMA = YES;
				CLANG_WARN_CONSTANT_CONVERSION = YES;
				CLANG_WARN_DEPRECATED_OBJC_IMPLEMENTATIONS = YES;
				CLANG_WARN_DIRECT_OBJC_ISA_USAGE = YES_ERROR;
				CLANG_WARN_DOCUMENTATION_COMMENTS = YES;
				CLANG_WARN_EMPTY_BODY = YES;
				CLANG_WARN_ENUM_CONVERSION = YES;
				CLANG_WARN_INFINITE_RECURSION = YES;
				CLANG_WARN_INT_CONVERSION = YES;
				CLANG_WARN_NON_LITERAL_NULL_CONVERSION = YES;
				CLANG_WARN_OBJC_IMPLICIT_RETAIN_SELF = YES;
				CLANG_WARN_OBJC_LITERAL_CONVERSION = YES;
				CLANG_WARN_OBJC_ROOT_CLASS = YES_ERROR;
				CLANG_WARN_QUOTED_INCLUDE_IN_FRAMEWORK_HEADER = YES;
				CLANG_WARN_RANGE_LOOP_ANALYSIS = YES;
				CLANG_WARN_STRICT_PROTOTYPES = YES;
				CLANG_WARN_SUSPICIOUS_MOVE = YES;
				CLANG_WARN_UNGUARDED_AVAILABILITY = YES_AGGRESSIVE;
				CLANG_WARN_UNREACHABLE_CODE = YES;
				CLANG_WARN__DUPLICATE_METHOD_MATCH = YES;
				COPY_PHASE_STRIP = NO;
				DEBUG_INFORMATION_FORMAT = "dwarf-with-dsym";
				ENABLE_NS_ASSERTIONS = NO;
				ENABLE_STRICT_OBJC_MSGSEND = YES;
				ENABLE_USER_SCRIPT_SANDBOXING = YES;
				GCC_C_LANGUAGE_STANDARD = gnu17;
				GCC_NO_COMMON_BLOCKS = YES;
				GCC_WARN_64_TO_32_BIT_CONVERSION = YES;
				GCC_WARN_ABOUT_RETURN_TYPE = YES_ERROR;
				GCC_WARN_UNDECLARED_SELECTOR = YES;
				GCC_WARN_UNINITIALIZED_AUTOS = YES_AGGRESSIVE;
				GCC_WARN_UNUSED_FUNCTION = YES;
				GCC_WARN_UNUSED_VARIABLE = YES;
				IPHONEOS_DEPLOYMENT_TARGET = 17.4;
				LOCALIZATION_PREFERS_STRING_CATALOGS = YES;
				MTL_ENABLE_DEBUG_INFO = NO;
				MTL_FAST_MATH = YES;
				SDKROOT = iphoneos;
				SWIFT_COMPILATION_MODE = wholemodule;
				VALIDATE_PRODUCT = YES;
			};
			name = Release;
		};
		448C5FB42BD8B96A002E02E2 /* Debug */ = {
			isa = XCBuildConfiguration;
			buildSettings = {
				ASSETCATALOG_COMPILER_APPICON_NAME = AppIcon;
				ASSETCATALOG_COMPILER_GLOBAL_ACCENT_COLOR_NAME = AccentColor;
				CODE_SIGN_STYLE = Automatic;
				CURRENT_PROJECT_VERSION = 1;
				DEVELOPMENT_ASSET_PATHS = "\"Leclerc/Preview Content\"";
				DEVELOPMENT_TEAM = Q7V5Q44LUS;
				ENABLE_PREVIEWS = YES;
				GENERATE_INFOPLIST_FILE = YES;
				INFOPLIST_FILE = Leclerc/Info.plist;
				INFOPLIST_KEY_UIApplicationSceneManifest_Generation = YES;
				INFOPLIST_KEY_UIApplicationSupportsIndirectInputEvents = YES;
				INFOPLIST_KEY_UILaunchScreen_Generation = YES;
				INFOPLIST_KEY_UISupportedInterfaceOrientations_iPad = "UIInterfaceOrientationPortrait UIInterfaceOrientationPortraitUpsideDown UIInterfaceOrientationLandscapeLeft UIInterfaceOrientationLandscapeRight";
				INFOPLIST_KEY_UISupportedInterfaceOrientations_iPhone = "UIInterfaceOrientationPortrait UIInterfaceOrientationLandscapeLeft UIInterfaceOrientationLandscapeRight";
				LD_RUNPATH_SEARCH_PATHS = (
					"$(inherited)",
					"@executable_path/Frameworks",
				);
				MARKETING_VERSION = 1.0;
				PRODUCT_BUNDLE_IDENTIFIER = com.omaredu.Leclerc;
				PRODUCT_NAME = "$(TARGET_NAME)";
				SWIFT_EMIT_LOC_STRINGS = YES;
				SWIFT_VERSION = 5.0;
				TARGETED_DEVICE_FAMILY = "1,2";
			};
			name = Debug;
		};
		448C5FB52BD8B96A002E02E2 /* Release */ = {
			isa = XCBuildConfiguration;
			buildSettings = {
				ASSETCATALOG_COMPILER_APPICON_NAME = AppIcon;
				ASSETCATALOG_COMPILER_GLOBAL_ACCENT_COLOR_NAME = AccentColor;
				CODE_SIGN_STYLE = Automatic;
				CURRENT_PROJECT_VERSION = 1;
				DEVELOPMENT_ASSET_PATHS = "\"Leclerc/Preview Content\"";
				DEVELOPMENT_TEAM = Q7V5Q44LUS;
				ENABLE_PREVIEWS = YES;
				GENERATE_INFOPLIST_FILE = YES;
				INFOPLIST_FILE = Leclerc/Info.plist;
				INFOPLIST_KEY_UIApplicationSceneManifest_Generation = YES;
				INFOPLIST_KEY_UIApplicationSupportsIndirectInputEvents = YES;
				INFOPLIST_KEY_UILaunchScreen_Generation = YES;
				INFOPLIST_KEY_UISupportedInterfaceOrientations_iPad = "UIInterfaceOrientationPortrait UIInterfaceOrientationPortraitUpsideDown UIInterfaceOrientationLandscapeLeft UIInterfaceOrientationLandscapeRight";
				INFOPLIST_KEY_UISupportedInterfaceOrientations_iPhone = "UIInterfaceOrientationPortrait UIInterfaceOrientationLandscapeLeft UIInterfaceOrientationLandscapeRight";
				LD_RUNPATH_SEARCH_PATHS = (
					"$(inherited)",
					"@executable_path/Frameworks",
				);
				MARKETING_VERSION = 1.0;
				PRODUCT_BUNDLE_IDENTIFIER = com.omaredu.Leclerc;
				PRODUCT_NAME = "$(TARGET_NAME)";
				SWIFT_EMIT_LOC_STRINGS = YES;
				SWIFT_VERSION = 5.0;
				TARGETED_DEVICE_FAMILY = "1,2";
			};
			name = Release;
		};
		83E0EA5A2BD9CAE300231E49 /* Debug */ = {
			isa = XCBuildConfiguration;
			buildSettings = {
				BUNDLE_LOADER = "$(TEST_HOST)";
				CODE_SIGN_STYLE = Automatic;
				CURRENT_PROJECT_VERSION = 1;
				DEVELOPMENT_TEAM = VBK39JCHGJ;
				GENERATE_INFOPLIST_FILE = YES;
				MARKETING_VERSION = 1.0;
				PRODUCT_BUNDLE_IDENTIFIER = hackathon2024;
				PRODUCT_NAME = "$(TARGET_NAME)";
				SWIFT_EMIT_LOC_STRINGS = NO;
				SWIFT_VERSION = 5.0;
				TARGETED_DEVICE_FAMILY = "1,2";
				TEST_HOST = "$(BUILT_PRODUCTS_DIR)/Leclerc.app/$(BUNDLE_EXECUTABLE_FOLDER_PATH)/Leclerc";
			};
			name = Debug;
		};
		83E0EA5B2BD9CAE300231E49 /* Release */ = {
			isa = XCBuildConfiguration;
			buildSettings = {
				BUNDLE_LOADER = "$(TEST_HOST)";
				CODE_SIGN_STYLE = Automatic;
				CURRENT_PROJECT_VERSION = 1;
				DEVELOPMENT_TEAM = VBK39JCHGJ;
				GENERATE_INFOPLIST_FILE = YES;
				MARKETING_VERSION = 1.0;
				PRODUCT_BUNDLE_IDENTIFIER = hackathon2024;
				PRODUCT_NAME = "$(TARGET_NAME)";
				SWIFT_EMIT_LOC_STRINGS = NO;
				SWIFT_VERSION = 5.0;
				TARGETED_DEVICE_FAMILY = "1,2";
				TEST_HOST = "$(BUILT_PRODUCTS_DIR)/Leclerc.app/$(BUNDLE_EXECUTABLE_FOLDER_PATH)/Leclerc";
			};
			name = Release;
		};
/* End XCBuildConfiguration section */

/* Begin XCConfigurationList section */
		448C5FA02BD8B967002E02E2 /* Build configuration list for PBXProject "Leclerc" */ = {
			isa = XCConfigurationList;
			buildConfigurations = (
				448C5FB12BD8B96A002E02E2 /* Debug */,
				448C5FB22BD8B96A002E02E2 /* Release */,
			);
			defaultConfigurationIsVisible = 0;
			defaultConfigurationName = Release;
		};
		448C5FB32BD8B96A002E02E2 /* Build configuration list for PBXNativeTarget "Leclerc" */ = {
			isa = XCConfigurationList;
			buildConfigurations = (
				448C5FB42BD8B96A002E02E2 /* Debug */,
				448C5FB52BD8B96A002E02E2 /* Release */,
			);
			defaultConfigurationIsVisible = 0;
			defaultConfigurationName = Release;
		};
		83E0EA592BD9CAE300231E49 /* Build configuration list for PBXNativeTarget "LeclercTests" */ = {
			isa = XCConfigurationList;
			buildConfigurations = (
				83E0EA5A2BD9CAE300231E49 /* Debug */,
				83E0EA5B2BD9CAE300231E49 /* Release */,
			);
			defaultConfigurationIsVisible = 0;
			defaultConfigurationName = Release;
		};
/* End XCConfigurationList section */

/* Begin XCRemoteSwiftPackageReference section */
		83ACBC952BD9B652004CCAA0 /* XCRemoteSwiftPackageReference "firebase-ios-sdk" */ = {
			isa = XCRemoteSwiftPackageReference;
			repositoryURL = "https://github.com/firebase/firebase-ios-sdk";
			requirement = {
				kind = upToNextMajorVersion;
				minimumVersion = 10.24.0;
			};
		};
/* End XCRemoteSwiftPackageReference section */

/* Begin XCSwiftPackageProductDependency section */
		83ACBC962BD9B652004CCAA0 /* FirebaseAuth */ = {
			isa = XCSwiftPackageProductDependency;
			package = 83ACBC952BD9B652004CCAA0 /* XCRemoteSwiftPackageReference "firebase-ios-sdk" */;
			productName = FirebaseAuth;
		};
		83ACBC982BD9B652004CCAA0 /* FirebaseDatabase */ = {
			isa = XCSwiftPackageProductDependency;
			package = 83ACBC952BD9B652004CCAA0 /* XCRemoteSwiftPackageReference "firebase-ios-sdk" */;
			productName = FirebaseDatabase;
		};
		83ACBC9A2BD9B652004CCAA0 /* FirebaseFirestore */ = {
			isa = XCSwiftPackageProductDependency;
			package = 83ACBC952BD9B652004CCAA0 /* XCRemoteSwiftPackageReference "firebase-ios-sdk" */;
			productName = FirebaseFirestore;
		};
		83ACBC9C2BD9B652004CCAA0 /* FirebaseFirestoreCombine-Community */ = {
			isa = XCSwiftPackageProductDependency;
			package = 83ACBC952BD9B652004CCAA0 /* XCRemoteSwiftPackageReference "firebase-ios-sdk" */;
			productName = "FirebaseFirestoreCombine-Community";
		};
		83ACBC9E2BD9B652004CCAA0 /* FirebaseFirestoreSwift */ = {
			isa = XCSwiftPackageProductDependency;
			package = 83ACBC952BD9B652004CCAA0 /* XCRemoteSwiftPackageReference "firebase-ios-sdk" */;
			productName = FirebaseFirestoreSwift;
		};
		83ACBCA02BD9B652004CCAA0 /* FirebaseStorage */ = {
			isa = XCSwiftPackageProductDependency;
			package = 83ACBC952BD9B652004CCAA0 /* XCRemoteSwiftPackageReference "firebase-ios-sdk" */;
			productName = FirebaseStorage;
		};
		83ACBCA22BD9B652004CCAA0 /* FirebaseStorageCombine-Community */ = {
			isa = XCSwiftPackageProductDependency;
			package = 83ACBC952BD9B652004CCAA0 /* XCRemoteSwiftPackageReference "firebase-ios-sdk" */;
			productName = "FirebaseStorageCombine-Community";
		};
/* End XCSwiftPackageProductDependency section */
	};
	rootObject = 448C5F9D2BD8B967002E02E2 /* Project object */;
}
